PODS:
  - ClusteredFiltersKit (0.1.0)

DEPENDENCIES:
  - ClusteredFiltersKit (from `../`)

EXTERNAL SOURCES:
  ClusteredFiltersKit:
    :path: "../"

SPEC CHECKSUMS:
  ClusteredFiltersKit: 202234fa7be019266fafc4728e2ac36db61fbdcc

PODFILE CHECKSUM: 724207bbcdeff95629f9f16a95c1a2cc8c64e193

COCOAPODS: 1.10.0
